
Microsoft Visual Studio Solution File, Format Version 12.00
# Visual Studio Version 16
VisualStudioVersion = 16.0.29418.71
MinimumVisualStudioVersion = 10.0.40219.1
Project("{9A19103F-16F7-4668-BE54-9A1E7A4F7556}") = "CareerCloud.Pocos", "CareerCloud.Pocos\CareerCloud.Pocos.csproj", "{1293A2F6-55AF-4C96-954A-CC9F2F043E15}"
EndProject
Project("{9A19103F-16F7-4668-BE54-9A1E7A4F7556}") = "CareerCloudCore.UnitTests.Assignment1", "CareerCloudCore.UnitTests.Assignment1\CareerCloudCore.UnitTests.Assignment1.csproj", "{191259C1-6CC5-457B-AD02-B1CB7E1352BF}"
EndProject
Project("{9A19103F-16F7-4668-BE54-9A1E7A4F7556}") = "CareerCloud.DataAccessLayer", "CareerCloud.DataAccessLayer\CareerCloud.DataAccessLayer.csproj", "{4FC3016A-2195-41AD-8AA2-62750C8F2E4A}"
EndProject
Project("{9A19103F-16F7-4668-BE54-9A1E7A4F7556}") = "CareerCloud.ADODataAccessLayer", "CareerCloud.ADODataAccessLayer\CareerCloud.ADODataAccessLayer.csproj", "{5225F57F-6EC2-43C7-BA8D-A93ADF64AA31}"
EndProject
Project("{9A19103F-16F7-4668-BE54-9A1E7A4F7556}") = "CareerCloud.BusinessLogicLayer", "CareerCloud.BusinessLogicLayer\CareerCloud.BusinessLogicLayer.csproj", "{C3E9BDE3-B379-40F4-AB3A-131364799D30}"
EndProject
Project("{9A19103F-16F7-4668-BE54-9A1E7A4F7556}") = "CareerCloudCore.UnitTests.Assignment3", "CareerCloudCore.UnitTests.Assignment3\CareerCloudCore.UnitTests.Assignment3.csproj", "{1CF772FF-CC93-4EA2-AA72-D71BBAD65D3E}"
EndProject
Project("{9A19103F-16F7-4668-BE54-9A1E7A4F7556}") = "CareerCloud.EntityFrameworkDataAccess", "CareerCloud.EntityFrameworkDataAccess\CareerCloud.EntityFrameworkDataAccess.csproj", "{41A838E5-4BC8-44BC-A5BF-C7DCC2211586}"
EndProject
Project("{9A19103F-16F7-4668-BE54-9A1E7A4F7556}") = "CareerCloudCore.UnitTests.Assignment4", "CareerCloudCore.UnitTests.Assignment4\CareerCloudCore.UnitTests.Assignment4.csproj", "{03FEDF2B-4981-4BC3-A8EB-69618EAFB4CB}"
EndProject
Project("{9A19103F-16F7-4668-BE54-9A1E7A4F7556}") = "CareerCloud.WebAPI", "CareerCloud.WebAPI\CareerCloud.WebAPI.csproj", "{9B0C82E3-3774-4335-A967-7D64300F6449}"
EndProject
Project("{9A19103F-16F7-4668-BE54-9A1E7A4F7556}") = "CareerCloudCore.UnitTests.Assignment5", "CareerCloudCore.UnitTests.Assignment5\CareerCloudCore.UnitTests.Assignment5.csproj", "{300745FE-B35F-4F11-96AA-3A9CE074ACD9}"
EndProject
Project("{9A19103F-16F7-4668-BE54-9A1E7A4F7556}") = "CareerCloud.gRPC", "CareerCloud.gRPC\CareerCloud.gRPC.csproj", "{21928410-0F48-4D1B-B44D-FF01D0808C56}"
EndProject
Project("{9A19103F-16F7-4668-BE54-9A1E7A4F7556}") = "CareerCloudCore.UnitTests.Assignment2", "..\CareerCloudCore.UnitTests.Assignment2\CareerCloudCore.UnitTests.Assignment2.csproj", "{13ADE649-2C1C-4283-AAE4-F404DCD8B60F}"
EndProject
Global
	GlobalSection(SolutionConfigurationPlatforms) = preSolution
		Debug|Any CPU = Debug|Any CPU
		Release|Any CPU = Release|Any CPU
	EndGlobalSection
	GlobalSection(ProjectConfigurationPlatforms) = postSolution
		{1293A2F6-55AF-4C96-954A-CC9F2F043E15}.Debug|Any CPU.ActiveCfg = Debug|Any CPU
		{1293A2F6-55AF-4C96-954A-CC9F2F043E15}.Debug|Any CPU.Build.0 = Debug|Any CPU
		{1293A2F6-55AF-4C96-954A-CC9F2F043E15}.Release|Any CPU.ActiveCfg = Release|Any CPU
		{1293A2F6-55AF-4C96-954A-CC9F2F043E15}.Release|Any CPU.Build.0 = Release|Any CPU
		{191259C1-6CC5-457B-AD02-B1CB7E1352BF}.Debug|Any CPU.ActiveCfg = Debug|Any CPU
		{191259C1-6CC5-457B-AD02-B1CB7E1352BF}.Debug|Any CPU.Build.0 = Debug|Any CPU
		{191259C1-6CC5-457B-AD02-B1CB7E1352BF}.Release|Any CPU.ActiveCfg = Release|Any CPU
		{191259C1-6CC5-457B-AD02-B1CB7E1352BF}.Release|Any CPU.Build.0 = Release|Any CPU
		{4FC3016A-2195-41AD-8AA2-62750C8F2E4A}.Debug|Any CPU.ActiveCfg = Debug|Any CPU
		{4FC3016A-2195-41AD-8AA2-62750C8F2E4A}.Debug|Any CPU.Build.0 = Debug|Any CPU
		{4FC3016A-2195-41AD-8AA2-62750C8F2E4A}.Release|Any CPU.ActiveCfg = Release|Any CPU
		{4FC3016A-2195-41AD-8AA2-62750C8F2E4A}.Release|Any CPU.Build.0 = Release|Any CPU
		{5225F57F-6EC2-43C7-BA8D-A93ADF64AA31}.Debug|Any CPU.ActiveCfg = Debug|Any CPU
		{5225F57F-6EC2-43C7-BA8D-A93ADF64AA31}.Debug|Any CPU.Build.0 = Debug|Any CPU
		{5225F57F-6EC2-43C7-BA8D-A93ADF64AA31}.Release|Any CPU.ActiveCfg = Release|Any CPU
		{5225F57F-6EC2-43C7-BA8D-A93ADF64AA31}.Release|Any CPU.Build.0 = Release|Any CPU
		{C3E9BDE3-B379-40F4-AB3A-131364799D30}.Debug|Any CPU.ActiveCfg = Debug|Any CPU
		{C3E9BDE3-B379-40F4-AB3A-131364799D30}.Debug|Any CPU.Build.0 = Debug|Any CPU
		{C3E9BDE3-B379-40F4-AB3A-131364799D30}.Release|Any CPU.ActiveCfg = Release|Any CPU
		{C3E9BDE3-B379-40F4-AB3A-131364799D30}.Release|Any CPU.Build.0 = Release|Any CPU
		{1CF772FF-CC93-4EA2-AA72-D71BBAD65D3E}.Debug|Any CPU.ActiveCfg = Debug|Any CPU
		{1CF772FF-CC93-4EA2-AA72-D71BBAD65D3E}.Debug|Any CPU.Build.0 = Debug|Any CPU
		{1CF772FF-CC93-4EA2-AA72-D71BBAD65D3E}.Release|Any CPU.ActiveCfg = Release|Any CPU
		{1CF772FF-CC93-4EA2-AA72-D71BBAD65D3E}.Release|Any CPU.Build.0 = Release|Any CPU
		{41A838E5-4BC8-44BC-A5BF-C7DCC2211586}.Debug|Any CPU.ActiveCfg = Debug|Any CPU
		{41A838E5-4BC8-44BC-A5BF-C7DCC2211586}.Debug|Any CPU.Build.0 = Debug|Any CPU
		{41A838E5-4BC8-44BC-A5BF-C7DCC2211586}.Release|Any CPU.ActiveCfg = Release|Any CPU
		{41A838E5-4BC8-44BC-A5BF-C7DCC2211586}.Release|Any CPU.Build.0 = Release|Any CPU
		{03FEDF2B-4981-4BC3-A8EB-69618EAFB4CB}.Debug|Any CPU.ActiveCfg = Debug|Any CPU
		{03FEDF2B-4981-4BC3-A8EB-69618EAFB4CB}.Debug|Any CPU.Build.0 = Debug|Any CPU
		{03FEDF2B-4981-4BC3-A8EB-69618EAFB4CB}.Release|Any CPU.ActiveCfg = Release|Any CPU
		{03FEDF2B-4981-4BC3-A8EB-69618EAFB4CB}.Release|Any CPU.Build.0 = Release|Any CPU
		{9B0C82E3-3774-4335-A967-7D64300F6449}.Debug|Any CPU.ActiveCfg = Debug|Any CPU
		{9B0C82E3-3774-4335-A967-7D64300F6449}.Debug|Any CPU.Build.0 = Debug|Any CPU
		{9B0C82E3-3774-4335-A967-7D64300F6449}.Release|Any CPU.ActiveCfg = Release|Any CPU
		{9B0C82E3-3774-4335-A967-7D64300F6449}.Release|Any CPU.Build.0 = Release|Any CPU
		{300745FE-B35F-4F11-96AA-3A9CE074ACD9}.Debug|Any CPU.ActiveCfg = Debug|Any CPU
		{300745FE-B35F-4F11-96AA-3A9CE074ACD9}.Debug|Any CPU.Build.0 = Debug|Any CPU
		{300745FE-B35F-4F11-96AA-3A9CE074ACD9}.Release|Any CPU.ActiveCfg = Release|Any CPU
		{300745FE-B35F-4F11-96AA-3A9CE074ACD9}.Release|Any CPU.Build.0 = Release|Any CPU
		{21928410-0F48-4D1B-B44D-FF01D0808C56}.Debug|Any CPU.ActiveCfg = Debug|Any CPU
		{21928410-0F48-4D1B-B44D-FF01D0808C56}.Debug|Any CPU.Build.0 = Debug|Any CPU
		{21928410-0F48-4D1B-B44D-FF01D0808C56}.Release|Any CPU.ActiveCfg = Release|Any CPU
		{21928410-0F48-4D1B-B44D-FF01D0808C56}.Release|Any CPU.Build.0 = Release|Any CPU
		{13ADE649-2C1C-4283-AAE4-F404DCD8B60F}.Debug|Any CPU.ActiveCfg = Debug|Any CPU
		{13ADE649-2C1C-4283-AAE4-F404DCD8B60F}.Debug|Any CPU.Build.0 = Debug|Any CPU
		{13ADE649-2C1C-4283-AAE4-F404DCD8B60F}.Release|Any CPU.ActiveCfg = Release|Any CPU
		{13ADE649-2C1C-4283-AAE4-F404DCD8B60F}.Release|Any CPU.Build.0 = Release|Any CPU
	EndGlobalSection
	GlobalSection(SolutionProperties) = preSolution
		HideSolutionNode = FALSE
	EndGlobalSection
	GlobalSection(ExtensibilityGlobals) = postSolution
		SolutionGuid = {182B0270-2CB8-49E7-B5B0-5B41F3B24DE9}
	EndGlobalSection
EndGlobal
